{
  "name": "gtk2msstyles",
  "version": "1.0.0",
  "lockfileVersion": 2,
  "requires": true,
  "packages": {
    "": {
      "version": "1.0.0",
      "license": "ISC",
      "dependencies": {
        "@jakejarrett/gtk-theme": "^2.0.1"
      }
    },
    "node_modules/@jakejarrett/gtk-theme": {
      "version": "2.0.1",
      "resolved": "https://registry.npmjs.org/@jakejarrett/gtk-theme/-/gtk-theme-2.0.1.tgz",
      "integrity": "sha512-V5YHHRwHgzkrlqeP/kL6DtLpPxw64IivtFw+gA1vELY/uWkJ64dz8N6oAKSlaLxhOobtPVi+ToG3ryrGxSiCMg=="
    }
  },
  "dependencies": {
    "@jakejarrett/gtk-theme": {
      "version": "2.0.1",
      "resolved": "https://registry.npmjs.org/@jakejarrett/gtk-theme/-/gtk-theme-2.0.1.tgz",
      "integrity": "sha512-V5YHHRwHgzkrlqeP/kL6DtLpPxw64IivtFw+gA1vELY/uWkJ64dz8N6oAKSlaLxhOobtPVi+ToG3ryrGxSiCMg=="
    }
  }
}
